// !$*UTF8*$!
{
	archiveVersion = 1;
	classes = {
	};
	objectVersion = 54;
	objects = {

/* Begin PBXBuildFile section */
		E31215D52593972E0042439A /* API.swift in Sources */ = {isa = PBXBuildFile; fileRef = E31215D42593972E0042439A /* API.swift */; };
		E3A7D5EA25936F4F00DFC467 /* AppDelegate.swift in Sources */ = {isa = PBXBuildFile; fileRef = E3A7D5E925936F4F00DFC467 /* AppDelegate.swift */; };
		E3A7D5EC25936F4F00DFC467 /* SceneDelegate.swift in Sources */ = {isa = PBXBuildFile; fileRef = E3A7D5EB25936F4F00DFC467 /* SceneDelegate.swift */; };
		E3A7D5EE25936F4F00DFC467 /* CollectionViewController.swift in Sources */ = {isa = PBXBuildFile; fileRef = E3A7D5ED25936F4F00DFC467 /* CollectionViewController.swift */; };
		E3A7D5F125936F4F00DFC467 /* Main.storyboard in Resources */ = {isa = PBXBuildFile; fileRef = E3A7D5EF25936F4F00DFC467 /* Main.storyboard */; };
		E3A7D5F325936F5300DFC467 /* Assets.xcassets in Resources */ = {isa = PBXBuildFile; fileRef = E3A7D5F225936F5300DFC467 /* Assets.xcassets */; };
		E3A7D5F625936F5300DFC467 /* LaunchScreen.storyboard in Resources */ = {isa = PBXBuildFile; fileRef = E3A7D5F425936F5300DFC467 /* LaunchScreen.storyboard */; };
		E3BFC3EA259CB198008A01B5 /* BusinessWeather.swift in Sources */ = {isa = PBXBuildFile; fileRef = E3BFC3E9259CB198008A01B5 /* BusinessWeather.swift */; };
		E3BFC3EE259CBF15008A01B5 /* ImageStore.swift in Sources */ = {isa = PBXBuildFile; fileRef = E3BFC3ED259CBF15008A01B5 /* ImageStore.swift */; };
		E3BFC3F2259CC459008A01B5 /* SearchViewController.swift in Sources */ = {isa = PBXBuildFile; fileRef = E3BFC3F1259CC459008A01B5 /* SearchViewController.swift */; };
		E3BFC3F6259CC6E7008A01B5 /* DetailViewController.swift in Sources */ = {isa = PBXBuildFile; fileRef = E3BFC3F5259CC6E7008A01B5 /* DetailViewController.swift */; };
		E3BFC3FD259CFA07008A01B5 /* CollectionDataSource.swift in Sources */ = {isa = PBXBuildFile; fileRef = E3BFC3FC259CFA07008A01B5 /* CollectionDataSource.swift */; };
		E3BFC400259CFAA4008A01B5 /* CollectionCell.swift in Sources */ = {isa = PBXBuildFile; fileRef = E3BFC3FF259CFAA4008A01B5 /* CollectionCell.swift */; };
		E3BFC403259D11E6008A01B5 /* WeatherCell.swift in Sources */ = {isa = PBXBuildFile; fileRef = E3BFC402259D11E6008A01B5 /* WeatherCell.swift */; };
		E3BFC412259D1C78008A01B5 /* WetoTests.swift in Sources */ = {isa = PBXBuildFile; fileRef = E3BFC411259D1C78008A01B5 /* WetoTests.swift */; };
		E3BFC421259D1D2C008A01B5 /* Constants.swift in Sources */ = {isa = PBXBuildFile; fileRef = E3BFC420259D1D2C008A01B5 /* Constants.swift */; };
		E3BFC422259D1D2C008A01B5 /* Constants.swift in Sources */ = {isa = PBXBuildFile; fileRef = E3BFC420259D1D2C008A01B5 /* Constants.swift */; };
		E3BFC428259D1D55008A01B5 /* WetoTest.swift in Sources */ = {isa = PBXBuildFile; fileRef = E3BFC427259D1D55008A01B5 /* WetoTest.swift */; };
		E3BFC429259D1D55008A01B5 /* WetoTest.swift in Sources */ = {isa = PBXBuildFile; fileRef = E3BFC427259D1D55008A01B5 /* WetoTest.swift */; };
		E3BFC430259D2040008A01B5 /* Extensions.swift in Sources */ = {isa = PBXBuildFile; fileRef = E3BFC42F259D2040008A01B5 /* Extensions.swift */; };
		E3CCE5FE25939A6E00D95810 /* YelpAPI.swift in Sources */ = {isa = PBXBuildFile; fileRef = E3CCE5FD25939A6E00D95810 /* YelpAPI.swift */; };
		E3CCE60125939C9000D95810 /* WeatherAPI.swift in Sources */ = {isa = PBXBuildFile; fileRef = E3CCE60025939C9000D95810 /* WeatherAPI.swift */; };
		E3CCE6052593ADAA00D95810 /* BusinessStore.swift in Sources */ = {isa = PBXBuildFile; fileRef = E3CCE6042593ADAA00D95810 /* BusinessStore.swift */; };
		E3CCE6092593ADB600D95810 /* WeatherStore.swift in Sources */ = {isa = PBXBuildFile; fileRef = E3CCE6082593ADB600D95810 /* WeatherStore.swift */; };
		E3CCE60D2593AF9400D95810 /* Business.swift in Sources */ = {isa = PBXBuildFile; fileRef = E3CCE60C2593AF9400D95810 /* Business.swift */; };
		E3CCE6112593AFD100D95810 /* Forecastday.swift in Sources */ = {isa = PBXBuildFile; fileRef = E3CCE6102593AFD100D95810 /* Forecastday.swift */; };
/* End PBXBuildFile section */

/* Begin PBXContainerItemProxy section */
		E3BFC414259D1C78008A01B5 /* PBXContainerItemProxy */ = {
			isa = PBXContainerItemProxy;
			containerPortal = E3A7D5DE25936F4F00DFC467 /* Project object */;
			proxyType = 1;
			remoteGlobalIDString = E3A7D5E525936F4F00DFC467;
			remoteInfo = Weto;
		};
/* End PBXContainerItemProxy section */

/* Begin PBXFileReference section */
		E31215D42593972E0042439A /* API.swift */ = {isa = PBXFileReference; lastKnownFileType = sourcecode.swift; path = API.swift; sourceTree = "<group>"; };
		E3A7D5E625936F4F00DFC467 /* Weto.app */ = {isa = PBXFileReference; explicitFileType = wrapper.application; includeInIndex = 0; path = Weto.app; sourceTree = BUILT_PRODUCTS_DIR; };
		E3A7D5E925936F4F00DFC467 /* AppDelegate.swift */ = {isa = PBXFileReference; lastKnownFileType = sourcecode.swift; path = AppDelegate.swift; sourceTree = "<group>"; };
		E3A7D5EB25936F4F00DFC467 /* SceneDelegate.swift */ = {isa = PBXFileReference; lastKnownFileType = sourcecode.swift; path = SceneDelegate.swift; sourceTree = "<group>"; };
		E3A7D5ED25936F4F00DFC467 /* CollectionViewController.swift */ = {isa = PBXFileReference; lastKnownFileType = sourcecode.swift; path = CollectionViewController.swift; sourceTree = "<group>"; };
		E3A7D5F025936F4F00DFC467 /* Base */ = {isa = PBXFileReference; lastKnownFileType = file.storyboard; name = Base; path = Base.lproj/Main.storyboard; sourceTree = "<group>"; };
		E3A7D5F225936F5300DFC467 /* Assets.xcassets */ = {isa = PBXFileReference; lastKnownFileType = folder.assetcatalog; path = Assets.xcassets; sourceTree = "<group>"; };
		E3A7D5F525936F5300DFC467 /* Base */ = {isa = PBXFileReference; lastKnownFileType = file.storyboard; name = Base; path = Base.lproj/LaunchScreen.storyboard; sourceTree = "<group>"; };
		E3A7D5F725936F5300DFC467 /* Info.plist */ = {isa = PBXFileReference; lastKnownFileType = text.plist.xml; path = Info.plist; sourceTree = "<group>"; };
		E3BFC3E9259CB198008A01B5 /* BusinessWeather.swift */ = {isa = PBXFileReference; lastKnownFileType = sourcecode.swift; path = BusinessWeather.swift; sourceTree = "<group>"; };
		E3BFC3ED259CBF15008A01B5 /* ImageStore.swift */ = {isa = PBXFileReference; lastKnownFileType = sourcecode.swift; path = ImageStore.swift; sourceTree = "<group>"; };
		E3BFC3F1259CC459008A01B5 /* SearchViewController.swift */ = {isa = PBXFileReference; lastKnownFileType = sourcecode.swift; path = SearchViewController.swift; sourceTree = "<group>"; };
		E3BFC3F5259CC6E7008A01B5 /* DetailViewController.swift */ = {isa = PBXFileReference; lastKnownFileType = sourcecode.swift; path = DetailViewController.swift; sourceTree = "<group>"; };
		E3BFC3FC259CFA07008A01B5 /* CollectionDataSource.swift */ = {isa = PBXFileReference; lastKnownFileType = sourcecode.swift; path = CollectionDataSource.swift; sourceTree = "<group>"; };
		E3BFC3FF259CFAA4008A01B5 /* CollectionCell.swift */ = {isa = PBXFileReference; lastKnownFileType = sourcecode.swift; path = CollectionCell.swift; sourceTree = "<group>"; };
		E3BFC402259D11E6008A01B5 /* WeatherCell.swift */ = {isa = PBXFileReference; lastKnownFileType = sourcecode.swift; path = WeatherCell.swift; sourceTree = "<group>"; };
		E3BFC40F259D1C78008A01B5 /* WetoTests.xctest */ = {isa = PBXFileReference; explicitFileType = wrapper.cfbundle; includeInIndex = 0; path = WetoTests.xctest; sourceTree = BUILT_PRODUCTS_DIR; };
		E3BFC411259D1C78008A01B5 /* WetoTests.swift */ = {isa = PBXFileReference; lastKnownFileType = sourcecode.swift; path = WetoTests.swift; sourceTree = "<group>"; };
		E3BFC413259D1C78008A01B5 /* Info.plist */ = {isa = PBXFileReference; lastKnownFileType = text.plist.xml; path = Info.plist; sourceTree = "<group>"; };
		E3BFC420259D1D2C008A01B5 /* Constants.swift */ = {isa = PBXFileReference; lastKnownFileType = sourcecode.swift; path = Constants.swift; sourceTree = "<group>"; };
		E3BFC427259D1D55008A01B5 /* WetoTest.swift */ = {isa = PBXFileReference; lastKnownFileType = sourcecode.swift; path = WetoTest.swift; sourceTree = "<group>"; };
		E3BFC42F259D2040008A01B5 /* Extensions.swift */ = {isa = PBXFileReference; lastKnownFileType = sourcecode.swift; path = Extensions.swift; sourceTree = "<group>"; };
		E3CCE5FD25939A6E00D95810 /* YelpAPI.swift */ = {isa = PBXFileReference; lastKnownFileType = sourcecode.swift; path = YelpAPI.swift; sourceTree = "<group>"; };
		E3CCE60025939C9000D95810 /* WeatherAPI.swift */ = {isa = PBXFileReference; lastKnownFileType = sourcecode.swift; path = WeatherAPI.swift; sourceTree = "<group>"; };
		E3CCE6042593ADAA00D95810 /* BusinessStore.swift */ = {isa = PBXFileReference; lastKnownFileType = sourcecode.swift; path = BusinessStore.swift; sourceTree = "<group>"; };
		E3CCE6082593ADB600D95810 /* WeatherStore.swift */ = {isa = PBXFileReference; lastKnownFileType = sourcecode.swift; path = WeatherStore.swift; sourceTree = "<group>"; };
		E3CCE60C2593AF9400D95810 /* Business.swift */ = {isa = PBXFileReference; lastKnownFileType = sourcecode.swift; path = Business.swift; sourceTree = "<group>"; };
		E3CCE6102593AFD100D95810 /* Forecastday.swift */ = {isa = PBXFileReference; lastKnownFileType = sourcecode.swift; path = Forecastday.swift; sourceTree = "<group>"; };
/* End PBXFileReference section */

/* Begin PBXFrameworksBuildPhase section */
		E3A7D5E325936F4F00DFC467 /* Frameworks */ = {
			isa = PBXFrameworksBuildPhase;
			buildActionMask = 2147483647;
			files = (
			);
			runOnlyForDeploymentPostprocessing = 0;
		};
		E3BFC40C259D1C78008A01B5 /* Frameworks */ = {
			isa = PBXFrameworksBuildPhase;
			buildActionMask = 2147483647;
			files = (
			);
			runOnlyForDeploymentPostprocessing = 0;
		};
/* End PBXFrameworksBuildPhase section */

/* Begin PBXGroup section */
		E31215D0259396F10042439A /* APIs */ = {
			isa = PBXGroup;
			children = (
				E31215D42593972E0042439A /* API.swift */,
				E3CCE5FD25939A6E00D95810 /* YelpAPI.swift */,
				E3CCE60025939C9000D95810 /* WeatherAPI.swift */,
			);
			path = APIs;
			sourceTree = "<group>";
		};
		E31215D1259396F70042439A /* App Support */ = {
			isa = PBXGroup;
			children = (
				E3A7D5E925936F4F00DFC467 /* AppDelegate.swift */,
				E3A7D5EB25936F4F00DFC467 /* SceneDelegate.swift */,
				E3A7D5F225936F5300DFC467 /* Assets.xcassets */,
				E3A7D5F425936F5300DFC467 /* LaunchScreen.storyboard */,
			);
			path = "App Support";
			sourceTree = "<group>";
		};
		E31215D3259397100042439A /* Views */ = {
			isa = PBXGroup;
			children = (
				E3A7D5EF25936F4F00DFC467 /* Main.storyboard */,
				E3BFC3F8259CC73D008A01B5 /* Collection VC */,
				E3BFC3F9259CC749008A01B5 /* Search VC */,
				E3BFC3FA259CC759008A01B5 /* Detail VC */,
			);
			path = Views;
			sourceTree = "<group>";
		};
		E3A7D5DD25936F4F00DFC467 = {
			isa = PBXGroup;
			children = (
				E3A7D5E825936F4F00DFC467 /* Weto */,
				E3BFC410259D1C78008A01B5 /* WetoTests */,
				E3A7D5E725936F4F00DFC467 /* Products */,
				E3BFC407259D1B3C008A01B5 /* Unit Test */,
			);
			sourceTree = "<group>";
		};
		E3A7D5E725936F4F00DFC467 /* Products */ = {
			isa = PBXGroup;
			children = (
				E3A7D5E625936F4F00DFC467 /* Weto.app */,
				E3BFC40F259D1C78008A01B5 /* WetoTests.xctest */,
			);
			name = Products;
			sourceTree = "<group>";
		};
		E3A7D5E825936F4F00DFC467 /* Weto */ = {
			isa = PBXGroup;
			children = (
				E3BFC42E259D2020008A01B5 /* Helpers  */,
				E3A7D5F725936F5300DFC467 /* Info.plist */,
				E31215D1259396F70042439A /* App Support */,
				E31215D0259396F10042439A /* APIs */,
				E3CCE60B2593AF6400D95810 /* Models */,
				E3CCE6032593AB9700D95810 /* Presenter */,
				E31215D3259397100042439A /* Views */,
			);
			path = Weto;
			sourceTree = "<group>";
		};
		E3BFC3F8259CC73D008A01B5 /* Collection VC */ = {
			isa = PBXGroup;
			children = (
				E3A7D5ED25936F4F00DFC467 /* CollectionViewController.swift */,
				E3BFC3FC259CFA07008A01B5 /* CollectionDataSource.swift */,
				E3BFC3FF259CFAA4008A01B5 /* CollectionCell.swift */,
			);
			path = "Collection VC";
			sourceTree = "<group>";
		};
		E3BFC3F9259CC749008A01B5 /* Search VC */ = {
			isa = PBXGroup;
			children = (
				E3BFC3F1259CC459008A01B5 /* SearchViewController.swift */,
			);
			path = "Search VC";
			sourceTree = "<group>";
		};
		E3BFC3FA259CC759008A01B5 /* Detail VC */ = {
			isa = PBXGroup;
			children = (
				E3BFC3F5259CC6E7008A01B5 /* DetailViewController.swift */,
				E3BFC402259D11E6008A01B5 /* WeatherCell.swift */,
			);
			path = "Detail VC";
			sourceTree = "<group>";
		};
		E3BFC407259D1B3C008A01B5 /* Unit Test */ = {
			isa = PBXGroup;
			children = (
				E3BFC427259D1D55008A01B5 /* WetoTest.swift */,
				E3BFC420259D1D2C008A01B5 /* Constants.swift */,
			);
			path = "Unit Test";
			sourceTree = "<group>";
		};
		E3BFC410259D1C78008A01B5 /* WetoTests */ = {
			isa = PBXGroup;
			children = (
				E3BFC411259D1C78008A01B5 /* WetoTests.swift */,
				E3BFC413259D1C78008A01B5 /* Info.plist */,
			);
			path = WetoTests;
			sourceTree = "<group>";
		};
		E3BFC42E259D2020008A01B5 /* Helpers  */ = {
			isa = PBXGroup;
			children = (
				E3BFC42F259D2040008A01B5 /* Extensions.swift */,
			);
			path = "Helpers ";
			sourceTree = "<group>";
		};
		E3CCE6032593AB9700D95810 /* Presenter */ = {
			isa = PBXGroup;
			children = (
				E3CCE6042593ADAA00D95810 /* BusinessStore.swift */,
				E3CCE6082593ADB600D95810 /* WeatherStore.swift */,
				E3BFC3ED259CBF15008A01B5 /* ImageStore.swift */,
			);
			path = Presenter;
			sourceTree = "<group>";
		};
		E3CCE60B2593AF6400D95810 /* Models */ = {
			isa = PBXGroup;
			children = (
				E3CCE60C2593AF9400D95810 /* Business.swift */,
				E3CCE6102593AFD100D95810 /* Forecastday.swift */,
				E3BFC3E9259CB198008A01B5 /* BusinessWeather.swift */,
			);
			path = Models;
			sourceTree = "<group>";
		};
/* End PBXGroup section */

/* Begin PBXNativeTarget section */
		E3A7D5E525936F4F00DFC467 /* Weto */ = {
			isa = PBXNativeTarget;
			buildConfigurationList = E3A7D5FA25936F5300DFC467 /* Build configuration list for PBXNativeTarget "Weto" */;
			buildPhases = (
				E3A7D5E225936F4F00DFC467 /* Sources */,
				E3A7D5E325936F4F00DFC467 /* Frameworks */,
				E3A7D5E425936F4F00DFC467 /* Resources */,
			);
			buildRules = (
			);
			dependencies = (
			);
			name = Weto;
			productName = Weto;
			productReference = E3A7D5E625936F4F00DFC467 /* Weto.app */;
			productType = "com.apple.product-type.application";
		};
		E3BFC40E259D1C78008A01B5 /* WetoTests */ = {
			isa = PBXNativeTarget;
			buildConfigurationList = E3BFC416259D1C78008A01B5 /* Build configuration list for PBXNativeTarget "WetoTests" */;
			buildPhases = (
				E3BFC40B259D1C78008A01B5 /* Sources */,
				E3BFC40C259D1C78008A01B5 /* Frameworks */,
				E3BFC40D259D1C78008A01B5 /* Resources */,
			);
			buildRules = (
			);
			dependencies = (
				E3BFC415259D1C78008A01B5 /* PBXTargetDependency */,
			);
			name = WetoTests;
			productName = WetoTests;
			productReference = E3BFC40F259D1C78008A01B5 /* WetoTests.xctest */;
			productType = "com.apple.product-type.bundle.unit-test";
		};
/* End PBXNativeTarget section */

/* Begin PBXProject section */
		E3A7D5DE25936F4F00DFC467 /* Project object */ = {
			isa = PBXProject;
			attributes = {
				LastSwiftUpdateCheck = 1230;
				LastUpgradeCheck = 1230;
				TargetAttributes = {
					E3A7D5E525936F4F00DFC467 = {
						CreatedOnToolsVersion = 12.3;
					};
					E3BFC40E259D1C78008A01B5 = {
						CreatedOnToolsVersion = 12.3;
						TestTargetID = E3A7D5E525936F4F00DFC467;
					};
				};
			};
			buildConfigurationList = E3A7D5E125936F4F00DFC467 /* Build configuration list for PBXProject "Weto" */;
			compatibilityVersion = "Xcode 12.0";
			developmentRegion = en;
			hasScannedForEncodings = 0;
			knownRegions = (
				en,
				Base,
			);
			mainGroup = E3A7D5DD25936F4F00DFC467;
			productRefGroup = E3A7D5E725936F4F00DFC467 /* Products */;
			projectDirPath = "";
			projectRoot = "";
			targets = (
				E3A7D5E525936F4F00DFC467 /* Weto */,
				E3BFC40E259D1C78008A01B5 /* WetoTests */,
			);
		};
/* End PBXProject section */

/* Begin PBXResourcesBuildPhase section */
		E3A7D5E425936F4F00DFC467 /* Resources */ = {
			isa = PBXResourcesBuildPhase;
			buildActionMask = 2147483647;
			files = (
				E3A7D5F625936F5300DFC467 /* LaunchScreen.storyboard in Resources */,
				E3A7D5F325936F5300DFC467 /* Assets.xcassets in Resources */,
				E3A7D5F125936F4F00DFC467 /* Main.storyboard in Resources */,
			);
			runOnlyForDeploymentPostprocessing = 0;
		};
		E3BFC40D259D1C78008A01B5 /* Resources */ = {
			isa = PBXResourcesBuildPhase;
			buildActionMask = 2147483647;
			files = (
			);
			runOnlyForDeploymentPostprocessing = 0;
		};
/* End PBXResourcesBuildPhase section */

/* Begin PBXSourcesBuildPhase section */
		E3A7D5E225936F4F00DFC467 /* Sources */ = {
			isa = PBXSourcesBuildPhase;
			buildActionMask = 2147483647;
			files = (
				E3A7D5EE25936F4F00DFC467 /* CollectionViewController.swift in Sources */,
				E3BFC421259D1D2C008A01B5 /* Constants.swift in Sources */,
				E3BFC428259D1D55008A01B5 /* WetoTest.swift in Sources */,
				E3BFC3EA259CB198008A01B5 /* BusinessWeather.swift in Sources */,
				E3CCE6112593AFD100D95810 /* Forecastday.swift in Sources */,
				E3A7D5EA25936F4F00DFC467 /* AppDelegate.swift in Sources */,
				E3CCE6092593ADB600D95810 /* WeatherStore.swift in Sources */,
				E31215D52593972E0042439A /* API.swift in Sources */,
				E3CCE60125939C9000D95810 /* WeatherAPI.swift in Sources */,
				E3A7D5EC25936F4F00DFC467 /* SceneDelegate.swift in Sources */,
				E3BFC3F2259CC459008A01B5 /* SearchViewController.swift in Sources */,
				E3CCE60D2593AF9400D95810 /* Business.swift in Sources */,
				E3CCE5FE25939A6E00D95810 /* YelpAPI.swift in Sources */,
				E3BFC400259CFAA4008A01B5 /* CollectionCell.swift in Sources */,
				E3CCE6052593ADAA00D95810 /* BusinessStore.swift in Sources */,
				E3BFC430259D2040008A01B5 /* Extensions.swift in Sources */,
				E3BFC403259D11E6008A01B5 /* WeatherCell.swift in Sources */,
				E3BFC3EE259CBF15008A01B5 /* ImageStore.swift in Sources */,
				E3BFC3F6259CC6E7008A01B5 /* DetailViewController.swift in Sources */,
				E3BFC3FD259CFA07008A01B5 /* CollectionDataSource.swift in Sources */,
			);
			runOnlyForDeploymentPostprocessing = 0;
		};
		E3BFC40B259D1C78008A01B5 /* Sources */ = {
			isa = PBXSourcesBuildPhase;
			buildActionMask = 2147483647;
			files = (
				E3BFC412259D1C78008A01B5 /* WetoTests.swift in Sources */,
				E3BFC422259D1D2C008A01B5 /* Constants.swift in Sources */,
				E3BFC429259D1D55008A01B5 /* WetoTest.swift in Sources */,
			);
			runOnlyForDeploymentPostprocessing = 0;
		};
/* End PBXSourcesBuildPhase section */

/* Begin PBXTargetDependency section */
		E3BFC415259D1C78008A01B5 /* PBXTargetDependency */ = {
			isa = PBXTargetDependency;
			target = E3A7D5E525936F4F00DFC467 /* Weto */;
			targetProxy = E3BFC414259D1C78008A01B5 /* PBXContainerItemProxy */;
		};
/* End PBXTargetDependency section */

/* Begin PBXVariantGroup section */
		E3A7D5EF25936F4F00DFC467 /* Main.storyboard */ = {
			isa = PBXVariantGroup;
			children = (
				E3A7D5F025936F4F00DFC467 /* Base */,
			);
			name = Main.storyboard;
			sourceTree = "<group>";
		};
		E3A7D5F425936F5300DFC467 /* LaunchScreen.storyboard */ = {
			isa = PBXVariantGroup;
			children = (
				E3A7D5F525936F5300DFC467 /* Base */,
			);
			name = LaunchScreen.storyboard;
			sourceTree = "<group>";
		};
/* End PBXVariantGroup section */

/* Begin XCBuildConfiguration section */
		E3A7D5F825936F5300DFC467 /* Debug */ = {
			isa = XCBuildConfiguration;
			buildSettings = {
				ALWAYS_SEARCH_USER_PATHS = NO;
				CLANG_ANALYZER_NONNULL = YES;
				CLANG_ANALYZER_NUMBER_OBJECT_CONVERSION = YES_AGGRESSIVE;
				CLANG_CXX_LANGUAGE_STANDARD = "gnu++14";
				CLANG_CXX_LIBRARY = "libc++";
				CLANG_ENABLE_MODULES = YES;
				CLANG_ENABLE_OBJC_ARC = YES;
				CLANG_ENABLE_OBJC_WEAK = YES;
				CLANG_WARN_BLOCK_CAPTURE_AUTORELEASING = YES;
				CLANG_WARN_BOOL_CONVERSION = YES;
				CLANG_WARN_COMMA = YES;
				CLANG_WARN_CONSTANT_CONVERSION = YES;
				CLANG_WARN_DEPRECATED_OBJC_IMPLEMENTATIONS = YES;
				CLANG_WARN_DIRECT_OBJC_ISA_USAGE = YES_ERROR;
				CLANG_WARN_DOCUMENTATION_COMMENTS = YES;
				CLANG_WARN_EMPTY_BODY = YES;
				CLANG_WARN_ENUM_CONVERSION = YES;
				CLANG_WARN_INFINITE_RECURSION = YES;
				CLANG_WARN_INT_CONVERSION = YES;
				CLANG_WARN_NON_LITERAL_NULL_CONVERSION = YES;
				CLANG_WARN_OBJC_IMPLICIT_RETAIN_SELF = YES;
				CLANG_WARN_OBJC_LITERAL_CONVERSION = YES;
				CLANG_WARN_OBJC_ROOT_CLASS = YES_ERROR;
				CLANG_WARN_QUOTED_INCLUDE_IN_FRAMEWORK_HEADER = YES;
				CLANG_WARN_RANGE_LOOP_ANALYSIS = YES;
				CLANG_WARN_STRICT_PROTOTYPES = YES;
				CLANG_WARN_SUSPICIOUS_MOVE = YES;
				CLANG_WARN_UNGUARDED_AVAILABILITY = YES_AGGRESSIVE;
				CLANG_WARN_UNREACHABLE_CODE = YES;
				CLANG_WARN__DUPLICATE_METHOD_MATCH = YES;
				COPY_PHASE_STRIP = NO;
				DEBUG_INFORMATION_FORMAT = dwarf;
				ENABLE_STRICT_OBJC_MSGSEND = YES;
				ENABLE_TESTABILITY = YES;
				GCC_C_LANGUAGE_STANDARD = gnu11;
				GCC_DYNAMIC_NO_PIC = NO;
				GCC_NO_COMMON_BLOCKS = YES;
				GCC_OPTIMIZATION_LEVEL = 0;
				GCC_PREPROCESSOR_DEFINITIONS = (
					"DEBUG=1",
					"$(inherited)",
				);
				GCC_WARN_64_TO_32_BIT_CONVERSION = YES;
				GCC_WARN_ABOUT_RETURN_TYPE = YES_ERROR;
				GCC_WARN_UNDECLARED_SELECTOR = YES;
				GCC_WARN_UNINITIALIZED_AUTOS = YES_AGGRESSIVE;
				GCC_WARN_UNUSED_FUNCTION = YES;
				GCC_WARN_UNUSED_VARIABLE = YES;
				IPHONEOS_DEPLOYMENT_TARGET = 14.3;
				MTL_ENABLE_DEBUG_INFO = INCLUDE_SOURCE;
				MTL_FAST_MATH = YES;
				ONLY_ACTIVE_ARCH = YES;
				SDKROOT = iphoneos;
				SWIFT_ACTIVE_COMPILATION_CONDITIONS = DEBUG;
				SWIFT_OPTIMIZATION_LEVEL = "-Onone";
			};
			name = Debug;
		};
		E3A7D5F925936F5300DFC467 /* Release */ = {
			isa = XCBuildConfiguration;
			buildSettings = {
				ALWAYS_SEARCH_USER_PATHS = NO;
				CLANG_ANALYZER_NONNULL = YES;
				CLANG_ANALYZER_NUMBER_OBJECT_CONVERSION = YES_AGGRESSIVE;
				CLANG_CXX_LANGUAGE_STANDARD = "gnu++14";
				CLANG_CXX_LIBRARY = "libc++";
				CLANG_ENABLE_MODULES = YES;
				CLANG_ENABLE_OBJC_ARC = YES;
				CLANG_ENABLE_OBJC_WEAK = YES;
				CLANG_WARN_BLOCK_CAPTURE_AUTORELEASING = YES;
				CLANG_WARN_BOOL_CONVERSION = YES;
				CLANG_WARN_COMMA = YES;
				CLANG_WARN_CONSTANT_CONVERSION = YES;
				CLANG_WARN_DEPRECATED_OBJC_IMPLEMENTATIONS = YES;
				CLANG_WARN_DIRECT_OBJC_ISA_USAGE = YES_ERROR;
				CLANG_WARN_DOCUMENTATION_COMMENTS = YES;
				CLANG_WARN_EMPTY_BODY = YES;
				CLANG_WARN_ENUM_CONVERSION = YES;
				CLANG_WARN_INFINITE_RECURSION = YES;
				CLANG_WARN_INT_CONVERSION = YES;
				CLANG_WARN_NON_LITERAL_NULL_CONVERSION = YES;
				CLANG_WARN_OBJC_IMPLICIT_RETAIN_SELF = YES;
				CLANG_WARN_OBJC_LITERAL_CONVERSION = YES;
				CLANG_WARN_OBJC_ROOT_CLASS = YES_ERROR;
				CLANG_WARN_QUOTED_INCLUDE_IN_FRAMEWORK_HEADER = YES;
				CLANG_WARN_RANGE_LOOP_ANALYSIS = YES;
				CLANG_WARN_STRICT_PROTOTYPES = YES;
				CLANG_WARN_SUSPICIOUS_MOVE = YES;
				CLANG_WARN_UNGUARDED_AVAILABILITY = YES_AGGRESSIVE;
				CLANG_WARN_UNREACHABLE_CODE = YES;
				CLANG_WARN__DUPLICATE_METHOD_MATCH = YES;
				COPY_PHASE_STRIP = NO;
				DEBUG_INFORMATION_FORMAT = "dwarf-with-dsym";
				ENABLE_NS_ASSERTIONS = NO;
				ENABLE_STRICT_OBJC_MSGSEND = YES;
				GCC_C_LANGUAGE_STANDARD = gnu11;
				GCC_NO_COMMON_BLOCKS = YES;
				GCC_WARN_64_TO_32_BIT_CONVERSION = YES;
				GCC_WARN_ABOUT_RETURN_TYPE = YES_ERROR;
				GCC_WARN_UNDECLARED_SELECTOR = YES;
				GCC_WARN_UNINITIALIZED_AUTOS = YES_AGGRESSIVE;
				GCC_WARN_UNUSED_FUNCTION = YES;
				GCC_WARN_UNUSED_VARIABLE = YES;
				IPHONEOS_DEPLOYMENT_TARGET = 14.3;
				MTL_ENABLE_DEBUG_INFO = NO;
				MTL_FAST_MATH = YES;
				SDKROOT = iphoneos;
				SWIFT_COMPILATION_MODE = wholemodule;
				SWIFT_OPTIMIZATION_LEVEL = "-O";
				VALIDATE_PRODUCT = YES;
			};
			name = Release;
		};
		E3A7D5FB25936F5300DFC467 /* Debug */ = {
			isa = XCBuildConfiguration;
			buildSettings = {
				ASSETCATALOG_COMPILER_APPICON_NAME = AppIcon;
				ASSETCATALOG_COMPILER_GLOBAL_ACCENT_COLOR_NAME = AccentColor;
				CODE_SIGN_STYLE = Automatic;
				INFOPLIST_FILE = Weto/Info.plist;
				IPHONEOS_DEPLOYMENT_TARGET = 14.3;
				LD_RUNPATH_SEARCH_PATHS = (
					"$(inherited)",
					"@executable_path/Frameworks",
				);
				PRODUCT_BUNDLE_IDENTIFIER = bnr.safcsp.Weto;
				PRODUCT_NAME = "$(TARGET_NAME)";
				SWIFT_VERSION = 5.0;
				TARGETED_DEVICE_FAMILY = "1,2";
			};
			name = Debug;
		};
		E3A7D5FC25936F5300DFC467 /* Release */ = {
			isa = XCBuildConfiguration;
			buildSettings = {
				ASSETCATALOG_COMPILER_APPICON_NAME = AppIcon;
				ASSETCATALOG_COMPILER_GLOBAL_ACCENT_COLOR_NAME = AccentColor;
				CODE_SIGN_STYLE = Automatic;
				INFOPLIST_FILE = Weto/Info.plist;
				IPHONEOS_DEPLOYMENT_TARGET = 14.3;
				LD_RUNPATH_SEARCH_PATHS = (
					"$(inherited)",
					"@executable_path/Frameworks",
				);
				PRODUCT_BUNDLE_IDENTIFIER = bnr.safcsp.Weto;
				PRODUCT_NAME = "$(TARGET_NAME)";
				SWIFT_VERSION = 5.0;
				TARGETED_DEVICE_FAMILY = "1,2";
			};
			name = Release;
		};
		E3BFC417259D1C78008A01B5 /* Debug */ = {
			isa = XCBuildConfiguration;
			buildSettings = {
				BUNDLE_LOADER = "$(TEST_HOST)";
				CODE_SIGN_STYLE = Automatic;
				INFOPLIST_FILE = WetoTests/Info.plist;
				LD_RUNPATH_SEARCH_PATHS = (
					"$(inherited)",
					"@executable_path/Frameworks",
					"@loader_path/Frameworks",
				);
				PRODUCT_BUNDLE_IDENTIFIER = bnr.safcsp.WetoTests;
				PRODUCT_NAME = "$(TARGET_NAME)";
				SWIFT_VERSION = 5.0;
				TARGETED_DEVICE_FAMILY = "1,2";
				TEST_HOST = "$(BUILT_PRODUCTS_DIR)/Weto.app/Weto";
			};
			name = Debug;
		};
		E3BFC418259D1C78008A01B5 /* Release */ = {
			isa = XCBuildConfiguration;
			buildSettings = {
				BUNDLE_LOADER = "$(TEST_HOST)";
				CODE_SIGN_STYLE = Automatic;
				INFOPLIST_FILE = WetoTests/Info.plist;
				LD_RUNPATH_SEARCH_PATHS = (
					"$(inherited)",
					"@executable_path/Frameworks",
					"@loader_path/Frameworks",
				);
				PRODUCT_BUNDLE_IDENTIFIER = bnr.safcsp.WetoTests;
				PRODUCT_NAME = "$(TARGET_NAME)";
				SWIFT_VERSION = 5.0;
				TARGETED_DEVICE_FAMILY = "1,2";
				TEST_HOST = "$(BUILT_PRODUCTS_DIR)/Weto.app/Weto";
			};
			name = Release;
		};
/* End XCBuildConfiguration section */

/* Begin XCConfigurationList section */
		E3A7D5E125936F4F00DFC467 /* Build configuration list for PBXProject "Weto" */ = {
			isa = XCConfigurationList;
			buildConfigurations = (
				E3A7D5F825936F5300DFC467 /* Debug */,
				E3A7D5F925936F5300DFC467 /* Release */,
			);
			defaultConfigurationIsVisible = 0;
			defaultConfigurationName = Release;
		};
		E3A7D5FA25936F5300DFC467 /* Build configuration list for PBXNativeTarget "Weto" */ = {
			isa = XCConfigurationList;
			buildConfigurations = (
				E3A7D5FB25936F5300DFC467 /* Debug */,
				E3A7D5FC25936F5300DFC467 /* Release */,
			);
			defaultConfigurationIsVisible = 0;
			defaultConfigurationName = Release;
		};
		E3BFC416259D1C78008A01B5 /* Build configuration list for PBXNativeTarget "WetoTests" */ = {
			isa = XCConfigurationList;
			buildConfigurations = (
				E3BFC417259D1C78008A01B5 /* Debug */,
				E3BFC418259D1C78008A01B5 /* Release */,
			);
			defaultConfigurationIsVisible = 0;
			defaultConfigurationName = Release;
		};
/* End XCConfigurationList section */
	};
	rootObject = E3A7D5DE25936F4F00DFC467 /* Project object */;
}
